
Microsoft Visual Studio Solution File, Format Version 12.00
# Visual Studio 15
VisualStudioVersion = 15.0.27130.2003
MinimumVisualStudioVersion = 10.0.40219.1
Project("{E24C65DC-7377-472B-9ABA-BC803B73C61A}") = "CMS Design Project", "CMS Design Project\", "{A9358597-8067-4206-BBA5-8455E1324461}"
	ProjectSection(WebsiteProperties) = preProject
		TargetFrameworkMoniker = ".NETFramework,Version%3Dv4.6.1"
		Debug.AspNetCompiler.VirtualPath = "/localhost_55839"
		Debug.AspNetCompiler.PhysicalPath = "CMS Design Project\"
		Debug.AspNetCompiler.TargetPath = "PrecompiledWeb\localhost_55839\"
		Debug.AspNetCompiler.Updateable = "true"
		Debug.AspNetCompiler.ForceOverwrite = "true"
		Debug.AspNetCompiler.FixedNames = "false"
		Debug.AspNetCompiler.Debug = "True"
		Release.AspNetCompiler.VirtualPath = "/localhost_55839"
		Release.AspNetCompiler.PhysicalPath = "CMS Design Project\"
		Release.AspNetCompiler.TargetPath = "PrecompiledWeb\localhost_55839\"
		Release.AspNetCompiler.Updateable = "true"
		Release.AspNetCompiler.ForceOverwrite = "true"
		Release.AspNetCompiler.FixedNames = "false"
		Release.AspNetCompiler.Debug = "False"
		VWDPort = "55839"
		SlnRelativePath = "CMS Design Project\"
		DefaultWebSiteLanguage = "Visual C#"
	EndProjectSection
EndProject
Global
	GlobalSection(SolutionConfigurationPlatforms) = preSolution
		Debug|Any CPU = Debug|Any CPU
	EndGlobalSection
	GlobalSection(ProjectConfigurationPlatforms) = postSolution
		{A9358597-8067-4206-BBA5-8455E1324461}.Debug|Any CPU.ActiveCfg = Debug|Any CPU
		{A9358597-8067-4206-BBA5-8455E1324461}.Debug|Any CPU.Build.0 = Debug|Any CPU
	EndGlobalSection
	GlobalSection(SolutionProperties) = preSolution
		HideSolutionNode = FALSE
	EndGlobalSection
	GlobalSection(ExtensibilityGlobals) = postSolution
		SolutionGuid = {448B5C53-5111-4837-9BCF-1F8D8B3E8B36}
	EndGlobalSection
EndGlobal
